<Solution>
  <Folder Name="/src/">
    <Project Path="src/Resonate.App/Resonate.App.csproj">
      <Platform Project="x64" />
    </Project>
    <Project Path="src/Resonate.Spotify/Resonate.Spotify.csproj" />
    <Project Path="src/Resonate.Themes/Resonate.Themes.csproj" />
    <Project Path="src/Resonate.Windows/Resonate.Windows.csproj" />
  </Folder>
  <Folder Name="/tests/">
    <Project Path="tests/Resonate.Spotify.Tests/Resonate.Spotify.Tests.csproj" />
    <Project Path="tests/Resonate.Themes.Tests/Resonate.Themes.Tests.csproj" />
  </Folder>
</Solution>
